# THIS IS AN AUTOGENERATED FILE. DO NOT EDIT THIS FILE DIRECTLY.
# yarn lockfile v1


py-ts-types@^0.1.0:
  version "0.1.0"
  resolved "https://registry.yarnpkg.com/py-ts-types/-/py-ts-types-0.1.0.tgz#83c49f4ebbc8368e80dada1a63c67ea78fefdcd0"
  integrity sha512-UBBvoZeeONt3rkv8+AD0DEqdYVIAkVyc1gpNySMQmzLR3/2B2dI0aFeNmYXkQp1HPC8n0S4t4sz4beqoKlBJiA==

typescript@^4.5.5:
  version "4.9.5"
  resolved "https://registry.yarnpkg.com/typescript/-/typescript-4.9.5.tgz#095979f9bcc0d09da324d58d03ce8f8374cbe65a"
  integrity sha512-1FXk9E2Hm+QzZQ7z+McJiHL4NW1F2EzMu9Nq9i3zAaGqibafqYwCVU6WyWAuyQRRzOlxou8xZSyXLEN8oKj24g==
